
Microsoft Visual Studio Solution File, Format Version 12.00
# Visual Studio Version 17
VisualStudioVersion = 17.9.34616.47
MinimumVisualStudioVersion = 10.0.40219.1
Project("{9A19103F-16F7-4668-BE54-9A1E7A4F7556}") = "CMCS.PROG6212.ST10271460", "CMCS.PROG6212.ST10271460\CMCS.PROG6212.ST10271460.csproj", "{A33E089F-A956-42BC-A2C5-1620F1880709}"
EndProject
Project("{FAE04EC0-301F-11D3-BF4B-00C04F79EFBC}") = "CMCS.PROG6212.ST10271460TEST", "CMCS.PROG6212.ST10271460TEST\CMCS.PROG6212.ST10271460TEST.csproj", "{8608AA97-2175-4A28-A9B9-EF8A3EE5A404}"
EndProject
Global
	GlobalSection(SolutionConfigurationPlatforms) = preSolution
		Debug|Any CPU = Debug|Any CPU
		Release|Any CPU = Release|Any CPU
	EndGlobalSection
	GlobalSection(ProjectConfigurationPlatforms) = postSolution
		{A33E089F-A956-42BC-A2C5-1620F1880709}.Debug|Any CPU.ActiveCfg = Debug|Any CPU
		{A33E089F-A956-42BC-A2C5-1620F1880709}.Debug|Any CPU.Build.0 = Debug|Any CPU
		{A33E089F-A956-42BC-A2C5-1620F1880709}.Release|Any CPU.ActiveCfg = Release|Any CPU
		{A33E089F-A956-42BC-A2C5-1620F1880709}.Release|Any CPU.Build.0 = Release|Any CPU
		{8608AA97-2175-4A28-A9B9-EF8A3EE5A404}.Debug|Any CPU.ActiveCfg = Debug|Any CPU
		{8608AA97-2175-4A28-A9B9-EF8A3EE5A404}.Debug|Any CPU.Build.0 = Debug|Any CPU
		{8608AA97-2175-4A28-A9B9-EF8A3EE5A404}.Release|Any CPU.ActiveCfg = Release|Any CPU
		{8608AA97-2175-4A28-A9B9-EF8A3EE5A404}.Release|Any CPU.Build.0 = Release|Any CPU
	EndGlobalSection
	GlobalSection(SolutionProperties) = preSolution
		HideSolutionNode = FALSE
	EndGlobalSection
	GlobalSection(ExtensibilityGlobals) = postSolution
		SolutionGuid = {597A4247-FA1F-41E3-B0F0-B308D7F2C445}
	EndGlobalSection
EndGlobal
